
Microsoft Visual Studio Solution File, Format Version 12.00
# Visual Studio Version 18
VisualStudioVersion = 18.4.11626.88
MinimumVisualStudioVersion = 10.0.40219.1
Project("{FAE04EC0-301F-11D3-BF4B-00C04F79EFBC}") = "AsbtCore.Broker.Core", "AsbtCore.Broker.Core\AsbtCore.Broker.Core.csproj", "{A0BB2369-22B5-455C-821B-A48F66B26D09}"
EndProject
Project("{FAE04EC0-301F-11D3-BF4B-00C04F79EFBC}") = "AsbtCore.Broker.RabbitMq", "AsbtCore.Broker.RabbitMq\AsbtCore.Broker.RabbitMq.csproj", "{C052365D-640A-4628-8119-DF5B9E64C8AD}"
EndProject
Project("{FAE04EC0-301F-11D3-BF4B-00C04F79EFBC}") = "AsbtCore.Broker.Client", "AsbtCore.Broker.Client\AsbtCore.Broker.Client.csproj", "{ED8CAA31-DE71-4F1E-9E6C-D49723675C23}"
EndProject
Project("{FAE04EC0-301F-11D3-BF4B-00C04F79EFBC}") = "AsbtCore.Broker.Server", "AsbtCore.Broker.Server\AsbtCore.Broker.Server.csproj", "{32518F88-C632-42AC-99F7-7D2C23120225}"
EndProject
Project("{2150E333-8FDC-42A3-9474-1A3956D46DE8}") = "Demo", "Demo", "{1AF17608-CBBB-4C72-9FC7-F074125A8DA1}"
EndProject
Project("{FAE04EC0-301F-11D3-BF4B-00C04F79EFBC}") = "Server", "Test.Broker.API\Server.csproj", "{9B08D830-4B62-003B-5F07-6608AC26DBA2}"
EndProject
Project("{FAE04EC0-301F-11D3-BF4B-00C04F79EFBC}") = "Client", "Test.Client\Client.csproj", "{D5492405-8B94-43ED-E3F4-A11B3723BF5F}"
EndProject
Project("{FAE04EC0-301F-11D3-BF4B-00C04F79EFBC}") = "Contracts", "Test.Contracts\Contracts.csproj", "{E1A7DF1B-A1DC-C0AE-C53E-20BB0DB073F3}"
EndProject
Project("{2150E333-8FDC-42A3-9474-1A3956D46DE8}") = "Tests", "Tests", "{0AB3BF05-4346-4AA6-1389-037BE0695223}"
EndProject
Project("{FAE04EC0-301F-11D3-BF4B-00C04F79EFBC}") = "AsbtCore.Broker.Core.Tests", "Tests\AsbtCore.Broker.Core.Tests\AsbtCore.Broker.Core.Tests.csproj", "{F0A3D988-5454-40A9-9611-5287E826C8DB}"
EndProject
Project("{FAE04EC0-301F-11D3-BF4B-00C04F79EFBC}") = "AsbtCore.Broker.ClientServer.Tests", "Tests\AsbtCore.Broker.ClientServer.Tests\AsbtCore.Broker.ClientServer.Tests.csproj", "{6A1BD1E5-BB6E-425D-97E5-B337525259F3}"
EndProject
Project("{2150E333-8FDC-42A3-9474-1A3956D46DE8}") = "Solution Items", "Solution Items", "{EB97FEF3-E8A8-406A-A7AE-A3447AC2BD39}"
	ProjectSection(SolutionItems) = preProject
		README.md = README.md
		README.ru.md = README.ru.md
	EndProjectSection
EndProject
Project("{2150E333-8FDC-42A3-9474-1A3956D46DE8}") = "Benchmarks", "Benchmarks", "{66320409-64EC-F7C5-3DEF-65E7510DAAD1}"
EndProject
Project("{FAE04EC0-301F-11D3-BF4B-00C04F79EFBC}") = "AsbtCore.Broker.Benchmarks", "Benchmarks\AsbtCore.Broker.Benchmarks\AsbtCore.Broker.Benchmarks.csproj", "{3CFD160E-D2DA-4034-911B-BC3763E489F4}"
EndProject
Project("{2150E333-8FDC-42A3-9474-1A3956D46DE8}") = "Serialization", "Serialization", "{5F325649-0B45-EE90-6A18-22336E597486}"
EndProject
Project("{FAE04EC0-301F-11D3-BF4B-00C04F79EFBC}") = "AsbtCore.Broker.Serialization.SystemTextJson", "AsbtCore.Broker.Serialization.SystemTextJson\AsbtCore.Broker.Serialization.SystemTextJson.csproj", "{5E32178A-0DEF-48AD-B57C-FA9070208899}"
EndProject
Project("{FAE04EC0-301F-11D3-BF4B-00C04F79EFBC}") = "AsbtCore.Broker.Serialization.SystemTextJson.Tests", "Tests\AsbtCore.Broker.Serialization.SystemTextJson.Tests\AsbtCore.Broker.Serialization.SystemTextJson.Tests.csproj", "{37D4286B-7343-415C-9523-664C0FC8E1E5}"
EndProject
Project("{FAE04EC0-301F-11D3-BF4B-00C04F79EFBC}") = "AsbtCore.Broker.Serialization.XPacketRpc", "AsbtCore.Broker.Serialization.XPacketRpc\AsbtCore.Broker.Serialization.XPacketRpc.csproj", "{F21BEF22-09D3-4D2C-85ED-0B148972C04B}"
EndProject
Project("{FAE04EC0-301F-11D3-BF4B-00C04F79EFBC}") = "AsbtCore.Broker.Serialization.XPacketRpc.Tests", "Tests\AsbtCore.Broker.Serialization.XPacketRpc.Tests\AsbtCore.Broker.Serialization.XPacketRpc.Tests.csproj", "{2719478D-FDF0-4F6B-83E4-D51BD1475D4B}"
EndProject
Project("{FAE04EC0-301F-11D3-BF4B-00C04F79EFBC}") = "AsbtCore.Broker.Serialization.MemoryPack", "AsbtCore.Broker.Serialization.MemoryPack\AsbtCore.Broker.Serialization.MemoryPack.csproj", "{E1197938-BE02-4404-985F-8C10515DFAA6}"
EndProject
Project("{FAE04EC0-301F-11D3-BF4B-00C04F79EFBC}") = "AsbtCore.Broker.Serialization.MemoryPack.Tests", "Tests\AsbtCore.Broker.Serialization.MemoryPack.Tests\AsbtCore.Broker.Serialization.MemoryPack.Tests.csproj", "{54D89620-71A9-4BD6-B5D8-D30C0E5927BA}"
EndProject
Global
	GlobalSection(SolutionConfigurationPlatforms) = preSolution
		Debug|Any CPU = Debug|Any CPU
		Debug|x64 = Debug|x64
		Debug|x86 = Debug|x86
		Release|Any CPU = Release|Any CPU
		Release|x64 = Release|x64
		Release|x86 = Release|x86
	EndGlobalSection
	GlobalSection(ProjectConfigurationPlatforms) = postSolution
		{A0BB2369-22B5-455C-821B-A48F66B26D09}.Debug|Any CPU.ActiveCfg = Debug|Any CPU
		{A0BB2369-22B5-455C-821B-A48F66B26D09}.Debug|Any CPU.Build.0 = Debug|Any CPU
		{A0BB2369-22B5-455C-821B-A48F66B26D09}.Debug|x64.ActiveCfg = Debug|Any CPU
		{A0BB2369-22B5-455C-821B-A48F66B26D09}.Debug|x64.Build.0 = Debug|Any CPU
		{A0BB2369-22B5-455C-821B-A48F66B26D09}.Debug|x86.ActiveCfg = Debug|Any CPU
		{A0BB2369-22B5-455C-821B-A48F66B26D09}.Debug|x86.Build.0 = Debug|Any CPU
		{A0BB2369-22B5-455C-821B-A48F66B26D09}.Release|Any CPU.ActiveCfg = Release|Any CPU
		{A0BB2369-22B5-455C-821B-A48F66B26D09}.Release|Any CPU.Build.0 = Release|Any CPU
		{A0BB2369-22B5-455C-821B-A48F66B26D09}.Release|x64.ActiveCfg = Release|Any CPU
		{A0BB2369-22B5-455C-821B-A48F66B26D09}.Release|x64.Build.0 = Release|Any CPU
		{A0BB2369-22B5-455C-821B-A48F66B26D09}.Release|x86.ActiveCfg = Release|Any CPU
		{A0BB2369-22B5-455C-821B-A48F66B26D09}.Release|x86.Build.0 = Release|Any CPU
		{C052365D-640A-4628-8119-DF5B9E64C8AD}.Debug|Any CPU.ActiveCfg = Debug|Any CPU
		{C052365D-640A-4628-8119-DF5B9E64C8AD}.Debug|Any CPU.Build.0 = Debug|Any CPU
		{C052365D-640A-4628-8119-DF5B9E64C8AD}.Debug|x64.ActiveCfg = Debug|Any CPU
		{C052365D-640A-4628-8119-DF5B9E64C8AD}.Debug|x64.Build.0 = Debug|Any CPU
		{C052365D-640A-4628-8119-DF5B9E64C8AD}.Debug|x86.ActiveCfg = Debug|Any CPU
		{C052365D-640A-4628-8119-DF5B9E64C8AD}.Debug|x86.Build.0 = Debug|Any CPU
		{C052365D-640A-4628-8119-DF5B9E64C8AD}.Release|Any CPU.ActiveCfg = Release|Any CPU
		{C052365D-640A-4628-8119-DF5B9E64C8AD}.Release|Any CPU.Build.0 = Release|Any CPU
		{C052365D-640A-4628-8119-DF5B9E64C8AD}.Release|x64.ActiveCfg = Release|Any CPU
		{C052365D-640A-4628-8119-DF5B9E64C8AD}.Release|x64.Build.0 = Release|Any CPU
		{C052365D-640A-4628-8119-DF5B9E64C8AD}.Release|x86.ActiveCfg = Release|Any CPU
		{C052365D-640A-4628-8119-DF5B9E64C8AD}.Release|x86.Build.0 = Release|Any CPU
		{ED8CAA31-DE71-4F1E-9E6C-D49723675C23}.Debug|Any CPU.ActiveCfg = Debug|Any CPU
		{ED8CAA31-DE71-4F1E-9E6C-D49723675C23}.Debug|Any CPU.Build.0 = Debug|Any CPU
		{ED8CAA31-DE71-4F1E-9E6C-D49723675C23}.Debug|x64.ActiveCfg = Debug|Any CPU
		{ED8CAA31-DE71-4F1E-9E6C-D49723675C23}.Debug|x64.Build.0 = Debug|Any CPU
		{ED8CAA31-DE71-4F1E-9E6C-D49723675C23}.Debug|x86.ActiveCfg = Debug|Any CPU
		{ED8CAA31-DE71-4F1E-9E6C-D49723675C23}.Debug|x86.Build.0 = Debug|Any CPU
		{ED8CAA31-DE71-4F1E-9E6C-D49723675C23}.Release|Any CPU.ActiveCfg = Release|Any CPU
		{ED8CAA31-DE71-4F1E-9E6C-D49723675C23}.Release|Any CPU.Build.0 = Release|Any CPU
		{ED8CAA31-DE71-4F1E-9E6C-D49723675C23}.Release|x64.ActiveCfg = Release|Any CPU
		{ED8CAA31-DE71-4F1E-9E6C-D49723675C23}.Release|x64.Build.0 = Release|Any CPU
		{ED8CAA31-DE71-4F1E-9E6C-D49723675C23}.Release|x86.ActiveCfg = Release|Any CPU
		{ED8CAA31-DE71-4F1E-9E6C-D49723675C23}.Release|x86.Build.0 = Release|Any CPU
		{32518F88-C632-42AC-99F7-7D2C23120225}.Debug|Any CPU.ActiveCfg = Debug|Any CPU
		{32518F88-C632-42AC-99F7-7D2C23120225}.Debug|Any CPU.Build.0 = Debug|Any CPU
		{32518F88-C632-42AC-99F7-7D2C23120225}.Debug|x64.ActiveCfg = Debug|Any CPU
		{32518F88-C632-42AC-99F7-7D2C23120225}.Debug|x64.Build.0 = Debug|Any CPU
		{32518F88-C632-42AC-99F7-7D2C23120225}.Debug|x86.ActiveCfg = Debug|Any CPU
		{32518F88-C632-42AC-99F7-7D2C23120225}.Debug|x86.Build.0 = Debug|Any CPU
		{32518F88-C632-42AC-99F7-7D2C23120225}.Release|Any CPU.ActiveCfg = Release|Any CPU
		{32518F88-C632-42AC-99F7-7D2C23120225}.Release|Any CPU.Build.0 = Release|Any CPU
		{32518F88-C632-42AC-99F7-7D2C23120225}.Release|x64.ActiveCfg = Release|Any CPU
		{32518F88-C632-42AC-99F7-7D2C23120225}.Release|x64.Build.0 = Release|Any CPU
		{32518F88-C632-42AC-99F7-7D2C23120225}.Release|x86.ActiveCfg = Release|Any CPU
		{32518F88-C632-42AC-99F7-7D2C23120225}.Release|x86.Build.0 = Release|Any CPU
		{9B08D830-4B62-003B-5F07-6608AC26DBA2}.Debug|Any CPU.ActiveCfg = Debug|Any CPU
		{9B08D830-4B62-003B-5F07-6608AC26DBA2}.Debug|Any CPU.Build.0 = Debug|Any CPU
		{9B08D830-4B62-003B-5F07-6608AC26DBA2}.Debug|x64.ActiveCfg = Debug|Any CPU
		{9B08D830-4B62-003B-5F07-6608AC26DBA2}.Debug|x64.Build.0 = Debug|Any CPU
		{9B08D830-4B62-003B-5F07-6608AC26DBA2}.Debug|x86.ActiveCfg = Debug|Any CPU
		{9B08D830-4B62-003B-5F07-6608AC26DBA2}.Debug|x86.Build.0 = Debug|Any CPU
		{9B08D830-4B62-003B-5F07-6608AC26DBA2}.Release|Any CPU.ActiveCfg = Release|Any CPU
		{9B08D830-4B62-003B-5F07-6608AC26DBA2}.Release|Any CPU.Build.0 = Release|Any CPU
		{9B08D830-4B62-003B-5F07-6608AC26DBA2}.Release|x64.ActiveCfg = Release|Any CPU
		{9B08D830-4B62-003B-5F07-6608AC26DBA2}.Release|x64.Build.0 = Release|Any CPU
		{9B08D830-4B62-003B-5F07-6608AC26DBA2}.Release|x86.ActiveCfg = Release|Any CPU
		{9B08D830-4B62-003B-5F07-6608AC26DBA2}.Release|x86.Build.0 = Release|Any CPU
		{D5492405-8B94-43ED-E3F4-A11B3723BF5F}.Debug|Any CPU.ActiveCfg = Debug|Any CPU
		{D5492405-8B94-43ED-E3F4-A11B3723BF5F}.Debug|Any CPU.Build.0 = Debug|Any CPU
		{D5492405-8B94-43ED-E3F4-A11B3723BF5F}.Debug|x64.ActiveCfg = Debug|Any CPU
		{D5492405-8B94-43ED-E3F4-A11B3723BF5F}.Debug|x64.Build.0 = Debug|Any CPU
		{D5492405-8B94-43ED-E3F4-A11B3723BF5F}.Debug|x86.ActiveCfg = Debug|Any CPU
		{D5492405-8B94-43ED-E3F4-A11B3723BF5F}.Debug|x86.Build.0 = Debug|Any CPU
		{D5492405-8B94-43ED-E3F4-A11B3723BF5F}.Release|Any CPU.ActiveCfg = Release|Any CPU
		{D5492405-8B94-43ED-E3F4-A11B3723BF5F}.Release|Any CPU.Build.0 = Release|Any CPU
		{D5492405-8B94-43ED-E3F4-A11B3723BF5F}.Release|x64.ActiveCfg = Release|Any CPU
		{D5492405-8B94-43ED-E3F4-A11B3723BF5F}.Release|x64.Build.0 = Release|Any CPU
		{D5492405-8B94-43ED-E3F4-A11B3723BF5F}.Release|x86.ActiveCfg = Release|Any CPU
		{D5492405-8B94-43ED-E3F4-A11B3723BF5F}.Release|x86.Build.0 = Release|Any CPU
		{E1A7DF1B-A1DC-C0AE-C53E-20BB0DB073F3}.Debug|Any CPU.ActiveCfg = Debug|Any CPU
		{E1A7DF1B-A1DC-C0AE-C53E-20BB0DB073F3}.Debug|Any CPU.Build.0 = Debug|Any CPU
		{E1A7DF1B-A1DC-C0AE-C53E-20BB0DB073F3}.Debug|x64.ActiveCfg = Debug|Any CPU
		{E1A7DF1B-A1DC-C0AE-C53E-20BB0DB073F3}.Debug|x64.Build.0 = Debug|Any CPU
		{E1A7DF1B-A1DC-C0AE-C53E-20BB0DB073F3}.Debug|x86.ActiveCfg = Debug|Any CPU
		{E1A7DF1B-A1DC-C0AE-C53E-20BB0DB073F3}.Debug|x86.Build.0 = Debug|Any CPU
		{E1A7DF1B-A1DC-C0AE-C53E-20BB0DB073F3}.Release|Any CPU.ActiveCfg = Release|Any CPU
		{E1A7DF1B-A1DC-C0AE-C53E-20BB0DB073F3}.Release|Any CPU.Build.0 = Release|Any CPU
		{E1A7DF1B-A1DC-C0AE-C53E-20BB0DB073F3}.Release|x64.ActiveCfg = Release|Any CPU
		{E1A7DF1B-A1DC-C0AE-C53E-20BB0DB073F3}.Release|x64.Build.0 = Release|Any CPU
		{E1A7DF1B-A1DC-C0AE-C53E-20BB0DB073F3}.Release|x86.ActiveCfg = Release|Any CPU
		{E1A7DF1B-A1DC-C0AE-C53E-20BB0DB073F3}.Release|x86.Build.0 = Release|Any CPU
		{F0A3D988-5454-40A9-9611-5287E826C8DB}.Debug|Any CPU.ActiveCfg = Debug|Any CPU
		{F0A3D988-5454-40A9-9611-5287E826C8DB}.Debug|Any CPU.Build.0 = Debug|Any CPU
		{F0A3D988-5454-40A9-9611-5287E826C8DB}.Debug|x64.ActiveCfg = Debug|Any CPU
		{F0A3D988-5454-40A9-9611-5287E826C8DB}.Debug|x64.Build.0 = Debug|Any CPU
		{F0A3D988-5454-40A9-9611-5287E826C8DB}.Debug|x86.ActiveCfg = Debug|Any CPU
		{F0A3D988-5454-40A9-9611-5287E826C8DB}.Debug|x86.Build.0 = Debug|Any CPU
		{F0A3D988-5454-40A9-9611-5287E826C8DB}.Release|Any CPU.ActiveCfg = Release|Any CPU
		{F0A3D988-5454-40A9-9611-5287E826C8DB}.Release|Any CPU.Build.0 = Release|Any CPU
		{F0A3D988-5454-40A9-9611-5287E826C8DB}.Release|x64.ActiveCfg = Release|Any CPU
		{F0A3D988-5454-40A9-9611-5287E826C8DB}.Release|x64.Build.0 = Release|Any CPU
		{F0A3D988-5454-40A9-9611-5287E826C8DB}.Release|x86.ActiveCfg = Release|Any CPU
		{F0A3D988-5454-40A9-9611-5287E826C8DB}.Release|x86.Build.0 = Release|Any CPU
		{6A1BD1E5-BB6E-425D-97E5-B337525259F3}.Debug|Any CPU.ActiveCfg = Debug|Any CPU
		{6A1BD1E5-BB6E-425D-97E5-B337525259F3}.Debug|Any CPU.Build.0 = Debug|Any CPU
		{6A1BD1E5-BB6E-425D-97E5-B337525259F3}.Debug|x64.ActiveCfg = Debug|Any CPU
		{6A1BD1E5-BB6E-425D-97E5-B337525259F3}.Debug|x64.Build.0 = Debug|Any CPU
		{6A1BD1E5-BB6E-425D-97E5-B337525259F3}.Debug|x86.ActiveCfg = Debug|Any CPU
		{6A1BD1E5-BB6E-425D-97E5-B337525259F3}.Debug|x86.Build.0 = Debug|Any CPU
		{6A1BD1E5-BB6E-425D-97E5-B337525259F3}.Release|Any CPU.ActiveCfg = Release|Any CPU
		{6A1BD1E5-BB6E-425D-97E5-B337525259F3}.Release|Any CPU.Build.0 = Release|Any CPU
		{6A1BD1E5-BB6E-425D-97E5-B337525259F3}.Release|x64.ActiveCfg = Release|Any CPU
		{6A1BD1E5-BB6E-425D-97E5-B337525259F3}.Release|x64.Build.0 = Release|Any CPU
		{6A1BD1E5-BB6E-425D-97E5-B337525259F3}.Release|x86.ActiveCfg = Release|Any CPU
		{6A1BD1E5-BB6E-425D-97E5-B337525259F3}.Release|x86.Build.0 = Release|Any CPU
		{3CFD160E-D2DA-4034-911B-BC3763E489F4}.Debug|Any CPU.ActiveCfg = Debug|Any CPU
		{3CFD160E-D2DA-4034-911B-BC3763E489F4}.Debug|Any CPU.Build.0 = Debug|Any CPU
		{3CFD160E-D2DA-4034-911B-BC3763E489F4}.Debug|x64.ActiveCfg = Debug|Any CPU
		{3CFD160E-D2DA-4034-911B-BC3763E489F4}.Debug|x64.Build.0 = Debug|Any CPU
		{3CFD160E-D2DA-4034-911B-BC3763E489F4}.Debug|x86.ActiveCfg = Debug|Any CPU
		{3CFD160E-D2DA-4034-911B-BC3763E489F4}.Debug|x86.Build.0 = Debug|Any CPU
		{3CFD160E-D2DA-4034-911B-BC3763E489F4}.Release|Any CPU.ActiveCfg = Release|Any CPU
		{3CFD160E-D2DA-4034-911B-BC3763E489F4}.Release|Any CPU.Build.0 = Release|Any CPU
		{3CFD160E-D2DA-4034-911B-BC3763E489F4}.Release|x64.ActiveCfg = Release|Any CPU
		{3CFD160E-D2DA-4034-911B-BC3763E489F4}.Release|x64.Build.0 = Release|Any CPU
		{3CFD160E-D2DA-4034-911B-BC3763E489F4}.Release|x86.ActiveCfg = Release|Any CPU
		{3CFD160E-D2DA-4034-911B-BC3763E489F4}.Release|x86.Build.0 = Release|Any CPU
		{5E32178A-0DEF-48AD-B57C-FA9070208899}.Debug|Any CPU.ActiveCfg = Debug|Any CPU
		{5E32178A-0DEF-48AD-B57C-FA9070208899}.Debug|Any CPU.Build.0 = Debug|Any CPU
		{5E32178A-0DEF-48AD-B57C-FA9070208899}.Debug|x64.ActiveCfg = Debug|Any CPU
		{5E32178A-0DEF-48AD-B57C-FA9070208899}.Debug|x64.Build.0 = Debug|Any CPU
		{5E32178A-0DEF-48AD-B57C-FA9070208899}.Debug|x86.ActiveCfg = Debug|Any CPU
		{5E32178A-0DEF-48AD-B57C-FA9070208899}.Debug|x86.Build.0 = Debug|Any CPU
		{5E32178A-0DEF-48AD-B57C-FA9070208899}.Release|Any CPU.ActiveCfg = Release|Any CPU
		{5E32178A-0DEF-48AD-B57C-FA9070208899}.Release|Any CPU.Build.0 = Release|Any CPU
		{5E32178A-0DEF-48AD-B57C-FA9070208899}.Release|x64.ActiveCfg = Release|Any CPU
		{5E32178A-0DEF-48AD-B57C-FA9070208899}.Release|x64.Build.0 = Release|Any CPU
		{5E32178A-0DEF-48AD-B57C-FA9070208899}.Release|x86.ActiveCfg = Release|Any CPU
		{5E32178A-0DEF-48AD-B57C-FA9070208899}.Release|x86.Build.0 = Release|Any CPU
		{37D4286B-7343-415C-9523-664C0FC8E1E5}.Debug|Any CPU.ActiveCfg = Debug|Any CPU
		{37D4286B-7343-415C-9523-664C0FC8E1E5}.Debug|Any CPU.Build.0 = Debug|Any CPU
		{37D4286B-7343-415C-9523-664C0FC8E1E5}.Debug|x64.ActiveCfg = Debug|Any CPU
		{37D4286B-7343-415C-9523-664C0FC8E1E5}.Debug|x64.Build.0 = Debug|Any CPU
		{37D4286B-7343-415C-9523-664C0FC8E1E5}.Debug|x86.ActiveCfg = Debug|Any CPU
		{37D4286B-7343-415C-9523-664C0FC8E1E5}.Debug|x86.Build.0 = Debug|Any CPU
		{37D4286B-7343-415C-9523-664C0FC8E1E5}.Release|Any CPU.ActiveCfg = Release|Any CPU
		{37D4286B-7343-415C-9523-664C0FC8E1E5}.Release|Any CPU.Build.0 = Release|Any CPU
		{37D4286B-7343-415C-9523-664C0FC8E1E5}.Release|x64.ActiveCfg = Release|Any CPU
		{37D4286B-7343-415C-9523-664C0FC8E1E5}.Release|x64.Build.0 = Release|Any CPU
		{37D4286B-7343-415C-9523-664C0FC8E1E5}.Release|x86.ActiveCfg = Release|Any CPU
		{37D4286B-7343-415C-9523-664C0FC8E1E5}.Release|x86.Build.0 = Release|Any CPU
		{F21BEF22-09D3-4D2C-85ED-0B148972C04B}.Debug|Any CPU.ActiveCfg = Debug|Any CPU
		{F21BEF22-09D3-4D2C-85ED-0B148972C04B}.Debug|Any CPU.Build.0 = Debug|Any CPU
		{F21BEF22-09D3-4D2C-85ED-0B148972C04B}.Debug|x64.ActiveCfg = Debug|Any CPU
		{F21BEF22-09D3-4D2C-85ED-0B148972C04B}.Debug|x64.Build.0 = Debug|Any CPU
		{F21BEF22-09D3-4D2C-85ED-0B148972C04B}.Debug|x86.ActiveCfg = Debug|Any CPU
		{F21BEF22-09D3-4D2C-85ED-0B148972C04B}.Debug|x86.Build.0 = Debug|Any CPU
		{F21BEF22-09D3-4D2C-85ED-0B148972C04B}.Release|Any CPU.ActiveCfg = Release|Any CPU
		{F21BEF22-09D3-4D2C-85ED-0B148972C04B}.Release|Any CPU.Build.0 = Release|Any CPU
		{F21BEF22-09D3-4D2C-85ED-0B148972C04B}.Release|x64.ActiveCfg = Release|Any CPU
		{F21BEF22-09D3-4D2C-85ED-0B148972C04B}.Release|x64.Build.0 = Release|Any CPU
		{F21BEF22-09D3-4D2C-85ED-0B148972C04B}.Release|x86.ActiveCfg = Release|Any CPU
		{F21BEF22-09D3-4D2C-85ED-0B148972C04B}.Release|x86.Build.0 = Release|Any CPU
		{2719478D-FDF0-4F6B-83E4-D51BD1475D4B}.Debug|Any CPU.ActiveCfg = Debug|Any CPU
		{2719478D-FDF0-4F6B-83E4-D51BD1475D4B}.Debug|Any CPU.Build.0 = Debug|Any CPU
		{2719478D-FDF0-4F6B-83E4-D51BD1475D4B}.Debug|x64.ActiveCfg = Debug|Any CPU
		{2719478D-FDF0-4F6B-83E4-D51BD1475D4B}.Debug|x64.Build.0 = Debug|Any CPU
		{2719478D-FDF0-4F6B-83E4-D51BD1475D4B}.Debug|x86.ActiveCfg = Debug|Any CPU
		{2719478D-FDF0-4F6B-83E4-D51BD1475D4B}.Debug|x86.Build.0 = Debug|Any CPU
		{2719478D-FDF0-4F6B-83E4-D51BD1475D4B}.Release|Any CPU.ActiveCfg = Release|Any CPU
		{2719478D-FDF0-4F6B-83E4-D51BD1475D4B}.Release|Any CPU.Build.0 = Release|Any CPU
		{2719478D-FDF0-4F6B-83E4-D51BD1475D4B}.Release|x64.ActiveCfg = Release|Any CPU
		{2719478D-FDF0-4F6B-83E4-D51BD1475D4B}.Release|x64.Build.0 = Release|Any CPU
		{2719478D-FDF0-4F6B-83E4-D51BD1475D4B}.Release|x86.ActiveCfg = Release|Any CPU
		{2719478D-FDF0-4F6B-83E4-D51BD1475D4B}.Release|x86.Build.0 = Release|Any CPU
		{E1197938-BE02-4404-985F-8C10515DFAA6}.Debug|Any CPU.ActiveCfg = Debug|Any CPU
		{E1197938-BE02-4404-985F-8C10515DFAA6}.Debug|Any CPU.Build.0 = Debug|Any CPU
		{E1197938-BE02-4404-985F-8C10515DFAA6}.Debug|x64.ActiveCfg = Debug|Any CPU
		{E1197938-BE02-4404-985F-8C10515DFAA6}.Debug|x64.Build.0 = Debug|Any CPU
		{E1197938-BE02-4404-985F-8C10515DFAA6}.Debug|x86.ActiveCfg = Debug|Any CPU
		{E1197938-BE02-4404-985F-8C10515DFAA6}.Debug|x86.Build.0 = Debug|Any CPU
		{E1197938-BE02-4404-985F-8C10515DFAA6}.Release|Any CPU.ActiveCfg = Release|Any CPU
		{E1197938-BE02-4404-985F-8C10515DFAA6}.Release|Any CPU.Build.0 = Release|Any CPU
		{E1197938-BE02-4404-985F-8C10515DFAA6}.Release|x64.ActiveCfg = Release|Any CPU
		{E1197938-BE02-4404-985F-8C10515DFAA6}.Release|x64.Build.0 = Release|Any CPU
		{E1197938-BE02-4404-985F-8C10515DFAA6}.Release|x86.ActiveCfg = Release|Any CPU
		{E1197938-BE02-4404-985F-8C10515DFAA6}.Release|x86.Build.0 = Release|Any CPU
		{54D89620-71A9-4BD6-B5D8-D30C0E5927BA}.Debug|Any CPU.ActiveCfg = Debug|Any CPU
		{54D89620-71A9-4BD6-B5D8-D30C0E5927BA}.Debug|Any CPU.Build.0 = Debug|Any CPU
		{54D89620-71A9-4BD6-B5D8-D30C0E5927BA}.Debug|x64.ActiveCfg = Debug|Any CPU
		{54D89620-71A9-4BD6-B5D8-D30C0E5927BA}.Debug|x64.Build.0 = Debug|Any CPU
		{54D89620-71A9-4BD6-B5D8-D30C0E5927BA}.Debug|x86.ActiveCfg = Debug|Any CPU
		{54D89620-71A9-4BD6-B5D8-D30C0E5927BA}.Debug|x86.Build.0 = Debug|Any CPU
		{54D89620-71A9-4BD6-B5D8-D30C0E5927BA}.Release|Any CPU.ActiveCfg = Release|Any CPU
		{54D89620-71A9-4BD6-B5D8-D30C0E5927BA}.Release|Any CPU.Build.0 = Release|Any CPU
		{54D89620-71A9-4BD6-B5D8-D30C0E5927BA}.Release|x64.ActiveCfg = Release|Any CPU
		{54D89620-71A9-4BD6-B5D8-D30C0E5927BA}.Release|x64.Build.0 = Release|Any CPU
		{54D89620-71A9-4BD6-B5D8-D30C0E5927BA}.Release|x86.ActiveCfg = Release|Any CPU
		{54D89620-71A9-4BD6-B5D8-D30C0E5927BA}.Release|x86.Build.0 = Release|Any CPU
	EndGlobalSection
	GlobalSection(SolutionProperties) = preSolution
		HideSolutionNode = FALSE
	EndGlobalSection
	GlobalSection(NestedProjects) = preSolution
		{9B08D830-4B62-003B-5F07-6608AC26DBA2} = {1AF17608-CBBB-4C72-9FC7-F074125A8DA1}
		{D5492405-8B94-43ED-E3F4-A11B3723BF5F} = {1AF17608-CBBB-4C72-9FC7-F074125A8DA1}
		{E1A7DF1B-A1DC-C0AE-C53E-20BB0DB073F3} = {1AF17608-CBBB-4C72-9FC7-F074125A8DA1}
		{F0A3D988-5454-40A9-9611-5287E826C8DB} = {0AB3BF05-4346-4AA6-1389-037BE0695223}
		{6A1BD1E5-BB6E-425D-97E5-B337525259F3} = {0AB3BF05-4346-4AA6-1389-037BE0695223}
		{3CFD160E-D2DA-4034-911B-BC3763E489F4} = {66320409-64EC-F7C5-3DEF-65E7510DAAD1}
		{5E32178A-0DEF-48AD-B57C-FA9070208899} = {5F325649-0B45-EE90-6A18-22336E597486}
		{37D4286B-7343-415C-9523-664C0FC8E1E5} = {0AB3BF05-4346-4AA6-1389-037BE0695223}
		{F21BEF22-09D3-4D2C-85ED-0B148972C04B} = {5F325649-0B45-EE90-6A18-22336E597486}
		{2719478D-FDF0-4F6B-83E4-D51BD1475D4B} = {0AB3BF05-4346-4AA6-1389-037BE0695223}
		{E1197938-BE02-4404-985F-8C10515DFAA6} = {5F325649-0B45-EE90-6A18-22336E597486}
		{54D89620-71A9-4BD6-B5D8-D30C0E5927BA} = {0AB3BF05-4346-4AA6-1389-037BE0695223}
	EndGlobalSection
	GlobalSection(ExtensibilityGlobals) = postSolution
		SolutionGuid = {FC717319-A5F6-467B-942D-BB0EE30E428F}
	EndGlobalSection
EndGlobal
